// !$*UTF8*$!
{
	archiveVersion = 1;
	classes = {
	};
	objectVersion = 46;
	objects = {

/* Begin PBXBuildFile section */
		7D0C47421E882D3F00307C49 /* main.c in Sources */ = {isa = PBXBuildFile; fileRef = 7D0C47411E882D3F00307C49 /* main.c */; };
		7D4120502268C77F0060CB70 /* LinkedList.c in Sources */ = {isa = PBXBuildFile; fileRef = 7D4120272268C77D0060CB70 /* LinkedList.c */; };
		7D4120512268C77F0060CB70 /* GenericDynamicStack.c in Sources */ = {isa = PBXBuildFile; fileRef = 7D41202A2268C77D0060CB70 /* GenericDynamicStack.c */; };
		7D4120522268C77F0060CB70 /* DynamicStack.c in Sources */ = {isa = PBXBuildFile; fileRef = 7D41202D2268C77D0060CB70 /* DynamicStack.c */; };
		7D4120532268C77F0060CB70 /* Teste.c in Sources */ = {isa = PBXBuildFile; fileRef = 7D41202E2268C77D0060CB70 /* Teste.c */; };
		7D4120542268C77F0060CB70 /* PonteiroDuplo.c in Sources */ = {isa = PBXBuildFile; fileRef = 7D4120302268C77D0060CB70 /* PonteiroDuplo.c */; };
		7D4120552268C77F0060CB70 /* validaarquivo.c in Sources */ = {isa = PBXBuildFile; fileRef = 7D4120312268C77D0060CB70 /* validaarquivo.c */; };
		7D4120562268C77F0060CB70 /* DoublyLinkedList.c in Sources */ = {isa = PBXBuildFile; fileRef = 7D4120322268C77D0060CB70 /* DoublyLinkedList.c */; };
		7D4120572268C77F0060CB70 /* ListaSimplesmenteLigada.c in Sources */ = {isa = PBXBuildFile; fileRef = 7D4120332268C77D0060CB70 /* ListaSimplesmenteLigada.c */; };
		7D4120582268C77F0060CB70 /* Hash.c in Sources */ = {isa = PBXBuildFile; fileRef = 7D4120352268C77D0060CB70 /* Hash.c */; };
		7D4120592268C77F0060CB70 /* filaatendimento.c in Sources */ = {isa = PBXBuildFile; fileRef = 7D4120362268C77D0060CB70 /* filaatendimento.c */; };
		7D41205A2268C77F0060CB70 /* colorindo.c in Sources */ = {isa = PBXBuildFile; fileRef = 7D4120392268C77D0060CB70 /* colorindo.c */; };
		7D41205B2268C77F0060CB70 /* PonteiroExemplos.c in Sources */ = {isa = PBXBuildFile; fileRef = 7D41203B2268C77E0060CB70 /* PonteiroExemplos.c */; };
		7D41205C2268C77F0060CB70 /* palindroma.c in Sources */ = {isa = PBXBuildFile; fileRef = 7D41203C2268C77E0060CB70 /* palindroma.c */; };
		7D41205D2268C77F0060CB70 /* avaliacaoNPR.c in Sources */ = {isa = PBXBuildFile; fileRef = 7D41203F2268C77E0060CB70 /* avaliacaoNPR.c */; };
		7D41205E2268C77F0060CB70 /* prioridadeexpressao.c in Sources */ = {isa = PBXBuildFile; fileRef = 7D4120412268C77E0060CB70 /* prioridadeexpressao.c */; };
		7D41205F2268C77F0060CB70 /* torrehanoi.c in Sources */ = {isa = PBXBuildFile; fileRef = 7D4120422268C77E0060CB70 /* torrehanoi.c */; };
		7D4120602268C77F0060CB70 /* filaatendimentov2.c in Sources */ = {isa = PBXBuildFile; fileRef = 7D4120432268C77E0060CB70 /* filaatendimentov2.c */; };
		7D4120612268C77F0060CB70 /* process_scheduler.c in Sources */ = {isa = PBXBuildFile; fileRef = 7D4120442268C77E0060CB70 /* process_scheduler.c */; };
		7D4120622268C77F0060CB70 /* compilador.c in Sources */ = {isa = PBXBuildFile; fileRef = 7D4120452268C77E0060CB70 /* compilador.c */; };
		7D4120632268C77F0060CB70 /* infixaposfixa.c in Sources */ = {isa = PBXBuildFile; fileRef = 7D4120472268C77F0060CB70 /* infixaposfixa.c */; };
		7D4120642268C77F0060CB70 /* conversaobase10para2.c in Sources */ = {isa = PBXBuildFile; fileRef = 7D4120482268C77F0060CB70 /* conversaobase10para2.c */; };
		7D4120652268C77F0060CB70 /* escalonadorIO.c in Sources */ = {isa = PBXBuildFile; fileRef = 7D4120492268C77F0060CB70 /* escalonadorIO.c */; };
		7D4120662268C77F0060CB70 /* DynamicQueue.c in Sources */ = {isa = PBXBuildFile; fileRef = 7D41204B2268C77F0060CB70 /* DynamicQueue.c */; };
/* End PBXBuildFile section */

/* Begin PBXCopyFilesBuildPhase section */
		7D0C473C1E882D3F00307C49 /* CopyFiles */ = {
			isa = PBXCopyFilesBuildPhase;
			buildActionMask = 2147483647;
			dstPath = /usr/share/man/man1/;
			dstSubfolderSpec = 0;
			files = (
			);
			runOnlyForDeploymentPostprocessing = 1;
		};
/* End PBXCopyFilesBuildPhase section */

/* Begin PBXFileReference section */
		7D0C473E1E882D3F00307C49 /* datastructure */ = {isa = PBXFileReference; explicitFileType = "compiled.mach-o.executable"; includeInIndex = 0; path = datastructure; sourceTree = BUILT_PRODUCTS_DIR; };
		7D0C47411E882D3F00307C49 /* main.c */ = {isa = PBXFileReference; lastKnownFileType = sourcecode.c.c; path = main.c; sourceTree = "<group>"; };
		7D4120222268C77C0060CB70 /* npr.h */ = {isa = PBXFileReference; fileEncoding = 4; lastKnownFileType = sourcecode.c.h; path = npr.h; sourceTree = "<group>"; };
		7D4120232268C77C0060CB70 /* program.edd */ = {isa = PBXFileReference; fileEncoding = 4; lastKnownFileType = text; path = program.edd; sourceTree = "<group>"; };
		7D4120242268C77C0060CB70 /* iStack.h */ = {isa = PBXFileReference; fileEncoding = 4; lastKnownFileType = sourcecode.c.h; path = iStack.h; sourceTree = "<group>"; };
		7D4120252268C77C0060CB70 /* dStack.h */ = {isa = PBXFileReference; fileEncoding = 4; lastKnownFileType = sourcecode.c.h; path = dStack.h; sourceTree = "<group>"; };
		7D4120262268C77D0060CB70 /* iDoubleStack.h */ = {isa = PBXFileReference; fileEncoding = 4; lastKnownFileType = sourcecode.c.h; path = iDoubleStack.h; sourceTree = "<group>"; };
		7D4120272268C77D0060CB70 /* LinkedList.c */ = {isa = PBXFileReference; fileEncoding = 4; lastKnownFileType = sourcecode.c.c; path = LinkedList.c; sourceTree = "<group>"; };
		7D4120282268C77D0060CB70 /* sdStack.h */ = {isa = PBXFileReference; fileEncoding = 4; lastKnownFileType = sourcecode.c.h; path = sdStack.h; sourceTree = "<group>"; };
		7D4120292268C77D0060CB70 /* cStack.h */ = {isa = PBXFileReference; fileEncoding = 4; lastKnownFileType = sourcecode.c.h; path = cStack.h; sourceTree = "<group>"; };
		7D41202A2268C77D0060CB70 /* GenericDynamicStack.c */ = {isa = PBXFileReference; fileEncoding = 4; lastKnownFileType = sourcecode.c.c; path = GenericDynamicStack.c; sourceTree = "<group>"; };
		7D41202B2268C77D0060CB70 /* iQueue.h */ = {isa = PBXFileReference; fileEncoding = 4; lastKnownFileType = sourcecode.c.h; path = iQueue.h; sourceTree = "<group>"; };
		7D41202C2268C77D0060CB70 /* LinkedList.h */ = {isa = PBXFileReference; fileEncoding = 4; lastKnownFileType = sourcecode.c.h; path = LinkedList.h; sourceTree = "<group>"; };
		7D41202D2268C77D0060CB70 /* DynamicStack.c */ = {isa = PBXFileReference; fileEncoding = 4; lastKnownFileType = sourcecode.c.c; path = DynamicStack.c; sourceTree = "<group>"; };
		7D41202E2268C77D0060CB70 /* Teste.c */ = {isa = PBXFileReference; fileEncoding = 4; lastKnownFileType = sourcecode.c.c; path = Teste.c; sourceTree = "<group>"; };
		7D41202F2268C77D0060CB70 /* xyQueue.h */ = {isa = PBXFileReference; fileEncoding = 4; lastKnownFileType = sourcecode.c.h; path = xyQueue.h; sourceTree = "<group>"; };
		7D4120302268C77D0060CB70 /* PonteiroDuplo.c */ = {isa = PBXFileReference; fileEncoding = 4; lastKnownFileType = sourcecode.c.c; path = PonteiroDuplo.c; sourceTree = "<group>"; };
		7D4120312268C77D0060CB70 /* validaarquivo.c */ = {isa = PBXFileReference; fileEncoding = 4; lastKnownFileType = sourcecode.c.c; path = validaarquivo.c; sourceTree = "<group>"; };
		7D4120322268C77D0060CB70 /* DoublyLinkedList.c */ = {isa = PBXFileReference; fileEncoding = 4; lastKnownFileType = sourcecode.c.c; path = DoublyLinkedList.c; sourceTree = "<group>"; };
		7D4120332268C77D0060CB70 /* ListaSimplesmenteLigada.c */ = {isa = PBXFileReference; fileEncoding = 4; lastKnownFileType = sourcecode.c.c; path = ListaSimplesmenteLigada.c; sourceTree = "<group>"; };
		7D4120342268C77D0060CB70 /* processQueue.h */ = {isa = PBXFileReference; fileEncoding = 4; lastKnownFileType = sourcecode.c.h; path = processQueue.h; sourceTree = "<group>"; };
		7D4120352268C77D0060CB70 /* Hash.c */ = {isa = PBXFileReference; fileEncoding = 4; lastKnownFileType = sourcecode.c.c; path = Hash.c; sourceTree = "<group>"; };
		7D4120362268C77D0060CB70 /* filaatendimento.c */ = {isa = PBXFileReference; fileEncoding = 4; lastKnownFileType = sourcecode.c.c; path = filaatendimento.c; sourceTree = "<group>"; };
		7D4120372268C77D0060CB70 /* DoublyLinkedList.h */ = {isa = PBXFileReference; fileEncoding = 4; lastKnownFileType = sourcecode.c.h; path = DoublyLinkedList.h; sourceTree = "<group>"; };
		7D4120382268C77D0060CB70 /* sStack.h */ = {isa = PBXFileReference; fileEncoding = 4; lastKnownFileType = sourcecode.c.h; path = sStack.h; sourceTree = "<group>"; };
		7D4120392268C77D0060CB70 /* colorindo.c */ = {isa = PBXFileReference; fileEncoding = 4; lastKnownFileType = sourcecode.c.c; path = colorindo.c; sourceTree = "<group>"; };
		7D41203A2268C77E0060CB70 /* clientQueue.h */ = {isa = PBXFileReference; fileEncoding = 4; lastKnownFileType = sourcecode.c.h; path = clientQueue.h; sourceTree = "<group>"; };
		7D41203B2268C77E0060CB70 /* PonteiroExemplos.c */ = {isa = PBXFileReference; fileEncoding = 4; lastKnownFileType = sourcecode.c.c; path = PonteiroExemplos.c; sourceTree = "<group>"; };
		7D41203C2268C77E0060CB70 /* palindroma.c */ = {isa = PBXFileReference; fileEncoding = 4; lastKnownFileType = sourcecode.c.c; path = palindroma.c; sourceTree = "<group>"; };
		7D41203D2268C77E0060CB70 /* ListaDePalavrasEN.txt */ = {isa = PBXFileReference; fileEncoding = 4; lastKnownFileType = text; path = ListaDePalavrasEN.txt; sourceTree = "<group>"; };
		7D41203E2268C77E0060CB70 /* Hash.h */ = {isa = PBXFileReference; fileEncoding = 4; lastKnownFileType = sourcecode.c.h; path = Hash.h; sourceTree = "<group>"; };
		7D41203F2268C77E0060CB70 /* avaliacaoNPR.c */ = {isa = PBXFileReference; fileEncoding = 4; lastKnownFileType = sourcecode.c.c; path = avaliacaoNPR.c; sourceTree = "<group>"; };
		7D4120402268C77E0060CB70 /* GenericDynamicStack.h */ = {isa = PBXFileReference; fileEncoding = 4; lastKnownFileType = sourcecode.c.h; path = GenericDynamicStack.h; sourceTree = "<group>"; };
		7D4120412268C77E0060CB70 /* prioridadeexpressao.c */ = {isa = PBXFileReference; fileEncoding = 4; lastKnownFileType = sourcecode.c.c; path = prioridadeexpressao.c; sourceTree = "<group>"; };
		7D4120422268C77E0060CB70 /* torrehanoi.c */ = {isa = PBXFileReference; fileEncoding = 4; lastKnownFileType = sourcecode.c.c; path = torrehanoi.c; sourceTree = "<group>"; };
		7D4120432268C77E0060CB70 /* filaatendimentov2.c */ = {isa = PBXFileReference; fileEncoding = 4; lastKnownFileType = sourcecode.c.c; path = filaatendimentov2.c; sourceTree = "<group>"; };
		7D4120442268C77E0060CB70 /* process_scheduler.c */ = {isa = PBXFileReference; fileEncoding = 4; lastKnownFileType = sourcecode.c.c; path = process_scheduler.c; sourceTree = "<group>"; };
		7D4120452268C77E0060CB70 /* compilador.c */ = {isa = PBXFileReference; fileEncoding = 4; lastKnownFileType = sourcecode.c.c; path = compilador.c; sourceTree = "<group>"; };
		7D4120462268C77F0060CB70 /* List.h */ = {isa = PBXFileReference; fileEncoding = 4; lastKnownFileType = sourcecode.c.h; path = List.h; sourceTree = "<group>"; };
		7D4120472268C77F0060CB70 /* infixaposfixa.c */ = {isa = PBXFileReference; fileEncoding = 4; lastKnownFileType = sourcecode.c.c; path = infixaposfixa.c; sourceTree = "<group>"; };
		7D4120482268C77F0060CB70 /* conversaobase10para2.c */ = {isa = PBXFileReference; fileEncoding = 4; lastKnownFileType = sourcecode.c.c; path = conversaobase10para2.c; sourceTree = "<group>"; };
		7D4120492268C77F0060CB70 /* escalonadorIO.c */ = {isa = PBXFileReference; fileEncoding = 4; lastKnownFileType = sourcecode.c.c; path = escalonadorIO.c; sourceTree = "<group>"; };
		7D41204A2268C77F0060CB70 /* DynamicStack.h */ = {isa = PBXFileReference; fileEncoding = 4; lastKnownFileType = sourcecode.c.h; path = DynamicStack.h; sourceTree = "<group>"; };
		7D41204B2268C77F0060CB70 /* DynamicQueue.c */ = {isa = PBXFileReference; fileEncoding = 4; lastKnownFileType = sourcecode.c.c; path = DynamicQueue.c; sourceTree = "<group>"; };
		7D41204C2268C77F0060CB70 /* DynamicQueue.h */ = {isa = PBXFileReference; fileEncoding = 4; lastKnownFileType = sourcecode.c.h; path = DynamicQueue.h; sourceTree = "<group>"; };
		7D41204D2268C77F0060CB70 /* ListaDePalavrasPT.txt */ = {isa = PBXFileReference; fileEncoding = 4; lastKnownFileType = text; path = ListaDePalavrasPT.txt; sourceTree = "<group>"; };
		7D41204F2268C77F0060CB70 /* ListaSimplesmenteLigada.h */ = {isa = PBXFileReference; fileEncoding = 4; lastKnownFileType = sourcecode.c.h; path = ListaSimplesmenteLigada.h; sourceTree = "<group>"; };
/* End PBXFileReference section */

/* Begin PBXFrameworksBuildPhase section */
		7D0C473B1E882D3F00307C49 /* Frameworks */ = {
			isa = PBXFrameworksBuildPhase;
			buildActionMask = 2147483647;
			files = (
			);
			runOnlyForDeploymentPostprocessing = 0;
		};
/* End PBXFrameworksBuildPhase section */

/* Begin PBXGroup section */
		7D0C47351E882D3F00307C49 = {
			isa = PBXGroup;
			children = (
				7D0C47401E882D3F00307C49 /* datastructure */,
				7D0C473F1E882D3F00307C49 /* Products */,
			);
			sourceTree = "<group>";
		};
		7D0C473F1E882D3F00307C49 /* Products */ = {
			isa = PBXGroup;
			children = (
				7D0C473E1E882D3F00307C49 /* datastructure */,
			);
			name = Products;
			sourceTree = "<group>";
		};
		7D0C47401E882D3F00307C49 /* datastructure */ = {
			isa = PBXGroup;
			children = (
				7D41203F2268C77E0060CB70 /* avaliacaoNPR.c */,
				7D41203A2268C77E0060CB70 /* clientQueue.h */,
				7D4120392268C77D0060CB70 /* colorindo.c */,
				7D4120452268C77E0060CB70 /* compilador.c */,
				7D4120482268C77F0060CB70 /* conversaobase10para2.c */,
				7D4120292268C77D0060CB70 /* cStack.h */,
				7D4120322268C77D0060CB70 /* DoublyLinkedList.c */,
				7D4120372268C77D0060CB70 /* DoublyLinkedList.h */,
				7D4120252268C77C0060CB70 /* dStack.h */,
				7D41204B2268C77F0060CB70 /* DynamicQueue.c */,
				7D41204C2268C77F0060CB70 /* DynamicQueue.h */,
				7D41202D2268C77D0060CB70 /* DynamicStack.c */,
				7D41204A2268C77F0060CB70 /* DynamicStack.h */,
				7D4120492268C77F0060CB70 /* escalonadorIO.c */,
				7D4120362268C77D0060CB70 /* filaatendimento.c */,
				7D4120432268C77E0060CB70 /* filaatendimentov2.c */,
				7D41202A2268C77D0060CB70 /* GenericDynamicStack.c */,
				7D4120402268C77E0060CB70 /* GenericDynamicStack.h */,
				7D4120352268C77D0060CB70 /* Hash.c */,
				7D41203E2268C77E0060CB70 /* Hash.h */,
				7D4120262268C77D0060CB70 /* iDoubleStack.h */,
				7D4120472268C77F0060CB70 /* infixaposfixa.c */,
				7D41202B2268C77D0060CB70 /* iQueue.h */,
				7D4120242268C77C0060CB70 /* iStack.h */,
				7D4120272268C77D0060CB70 /* LinkedList.c */,
				7D41202C2268C77D0060CB70 /* LinkedList.h */,
				7D4120462268C77F0060CB70 /* List.h */,
				7D41203D2268C77E0060CB70 /* ListaDePalavrasEN.txt */,
				7D41204D2268C77F0060CB70 /* ListaDePalavrasPT.txt */,
				7D4120332268C77D0060CB70 /* ListaSimplesmenteLigada.c */,
				7D41204F2268C77F0060CB70 /* ListaSimplesmenteLigada.h */,
				7D4120222268C77C0060CB70 /* npr.h */,
				7D41203C2268C77E0060CB70 /* palindroma.c */,
				7D4120302268C77D0060CB70 /* PonteiroDuplo.c */,
				7D41203B2268C77E0060CB70 /* PonteiroExemplos.c */,
				7D4120412268C77E0060CB70 /* prioridadeexpressao.c */,
				7D4120442268C77E0060CB70 /* process_scheduler.c */,
				7D4120342268C77D0060CB70 /* processQueue.h */,
				7D4120232268C77C0060CB70 /* program.edd */,
				7D4120282268C77D0060CB70 /* sdStack.h */,
				7D4120382268C77D0060CB70 /* sStack.h */,
				7D41202E2268C77D0060CB70 /* Teste.c */,
				7D4120422268C77E0060CB70 /* torrehanoi.c */,
				7D4120312268C77D0060CB70 /* validaarquivo.c */,
				7D41202F2268C77D0060CB70 /* xyQueue.h */,
				7D0C47411E882D3F00307C49 /* main.c */,
			);
			path = datastructure;
			sourceTree = "<group>";
		};
/* End PBXGroup section */

/* Begin PBXNativeTarget section */
		7D0C473D1E882D3F00307C49 /* datastructure */ = {
			isa = PBXNativeTarget;
			buildConfigurationList = 7D0C47451E882D3F00307C49 /* Build configuration list for PBXNativeTarget "datastructure" */;
			buildPhases = (
				7D0C473A1E882D3F00307C49 /* Sources */,
				7D0C473B1E882D3F00307C49 /* Frameworks */,
				7D0C473C1E882D3F00307C49 /* CopyFiles */,
			);
			buildRules = (
			);
			dependencies = (
			);
			name = datastructure;
			productName = datastructure;
			productReference = 7D0C473E1E882D3F00307C49 /* datastructure */;
			productType = "com.apple.product-type.tool";
		};
/* End PBXNativeTarget section */

/* Begin PBXProject section */
		7D0C47361E882D3F00307C49 /* Project object */ = {
			isa = PBXProject;
			attributes = {
				LastUpgradeCheck = 0820;
				ORGANIZATIONNAME = "João Paulo Delgado Preti";
				TargetAttributes = {
					7D0C473D1E882D3F00307C49 = {
						CreatedOnToolsVersion = 8.2.1;
						DevelopmentTeam = 6H2EW7JDA5;
						ProvisioningStyle = Automatic;
					};
				};
			};
			buildConfigurationList = 7D0C47391E882D3F00307C49 /* Build configuration list for PBXProject "datastructure" */;
			compatibilityVersion = "Xcode 3.2";
			developmentRegion = English;
			hasScannedForEncodings = 0;
			knownRegions = (
				en,
			);
			mainGroup = 7D0C47351E882D3F00307C49;
			productRefGroup = 7D0C473F1E882D3F00307C49 /* Products */;
			projectDirPath = "";
			projectRoot = "";
			targets = (
				7D0C473D1E882D3F00307C49 /* datastructure */,
			);
		};
/* End PBXProject section */

/* Begin PBXSourcesBuildPhase section */
		7D0C473A1E882D3F00307C49 /* Sources */ = {
			isa = PBXSourcesBuildPhase;
			buildActionMask = 2147483647;
			files = (
				7D4120502268C77F0060CB70 /* LinkedList.c in Sources */,
				7D4120572268C77F0060CB70 /* ListaSimplesmenteLigada.c in Sources */,
				7D41205C2268C77F0060CB70 /* palindroma.c in Sources */,
				7D41205E2268C77F0060CB70 /* prioridadeexpressao.c in Sources */,
				7D4120512268C77F0060CB70 /* GenericDynamicStack.c in Sources */,
				7D4120592268C77F0060CB70 /* filaatendimento.c in Sources */,
				7D4120552268C77F0060CB70 /* validaarquivo.c in Sources */,
				7D4120632268C77F0060CB70 /* infixaposfixa.c in Sources */,
				7D4120612268C77F0060CB70 /* process_scheduler.c in Sources */,
				7D4120662268C77F0060CB70 /* DynamicQueue.c in Sources */,
				7D4120542268C77F0060CB70 /* PonteiroDuplo.c in Sources */,
				7D4120602268C77F0060CB70 /* filaatendimentov2.c in Sources */,
				7D4120582268C77F0060CB70 /* Hash.c in Sources */,
				7D4120522268C77F0060CB70 /* DynamicStack.c in Sources */,
				7D41205D2268C77F0060CB70 /* avaliacaoNPR.c in Sources */,
				7D4120562268C77F0060CB70 /* DoublyLinkedList.c in Sources */,
				7D41205A2268C77F0060CB70 /* colorindo.c in Sources */,
				7D4120652268C77F0060CB70 /* escalonadorIO.c in Sources */,
				7D0C47421E882D3F00307C49 /* main.c in Sources */,
				7D4120532268C77F0060CB70 /* Teste.c in Sources */,
				7D41205F2268C77F0060CB70 /* torrehanoi.c in Sources */,
				7D41205B2268C77F0060CB70 /* PonteiroExemplos.c in Sources */,
				7D4120622268C77F0060CB70 /* compilador.c in Sources */,
				7D4120642268C77F0060CB70 /* conversaobase10para2.c in Sources */,
			);
			runOnlyForDeploymentPostprocessing = 0;
		};
/* End PBXSourcesBuildPhase section */

/* Begin XCBuildConfiguration section */
		7D0C47431E882D3F00307C49 /* Debug */ = {
			isa = XCBuildConfiguration;
			buildSettings = {
				ALWAYS_SEARCH_USER_PATHS = NO;
				CLANG_ANALYZER_NONNULL = YES;
				CLANG_CXX_LANGUAGE_STANDARD = "gnu++0x";
				CLANG_CXX_LIBRARY = "libc++";
				CLANG_ENABLE_MODULES = YES;
				CLANG_ENABLE_OBJC_ARC = YES;
				CLANG_WARN_BOOL_CONVERSION = YES;
				CLANG_WARN_CONSTANT_CONVERSION = YES;
				CLANG_WARN_DIRECT_OBJC_ISA_USAGE = YES_ERROR;
				CLANG_WARN_DOCUMENTATION_COMMENTS = YES;
				CLANG_WARN_EMPTY_BODY = YES;
				CLANG_WARN_ENUM_CONVERSION = YES;
				CLANG_WARN_INFINITE_RECURSION = YES;
				CLANG_WARN_INT_CONVERSION = YES;
				CLANG_WARN_OBJC_ROOT_CLASS = YES_ERROR;
				CLANG_WARN_SUSPICIOUS_MOVE = YES;
				CLANG_WARN_UNREACHABLE_CODE = YES;
				CLANG_WARN__DUPLICATE_METHOD_MATCH = YES;
				CODE_SIGN_IDENTITY = "-";
				COPY_PHASE_STRIP = NO;
				DEBUG_INFORMATION_FORMAT = dwarf;
				ENABLE_STRICT_OBJC_MSGSEND = YES;
				ENABLE_TESTABILITY = YES;
				GCC_C_LANGUAGE_STANDARD = gnu99;
				GCC_DYNAMIC_NO_PIC = NO;
				GCC_NO_COMMON_BLOCKS = YES;
				GCC_OPTIMIZATION_LEVEL = 0;
				GCC_PREPROCESSOR_DEFINITIONS = (
					"DEBUG=1",
					"$(inherited)",
				);
				GCC_WARN_64_TO_32_BIT_CONVERSION = YES;
				GCC_WARN_ABOUT_RETURN_TYPE = YES_ERROR;
				GCC_WARN_UNDECLARED_SELECTOR = YES;
				GCC_WARN_UNINITIALIZED_AUTOS = YES_AGGRESSIVE;
				GCC_WARN_UNUSED_FUNCTION = YES;
				GCC_WARN_UNUSED_VARIABLE = YES;
				MACOSX_DEPLOYMENT_TARGET = 10.12;
				MTL_ENABLE_DEBUG_INFO = YES;
				ONLY_ACTIVE_ARCH = YES;
				SDKROOT = macosx;
			};
			name = Debug;
		};
		7D0C47441E882D3F00307C49 /* Release */ = {
			isa = XCBuildConfiguration;
			buildSettings = {
				ALWAYS_SEARCH_USER_PATHS = NO;
				CLANG_ANALYZER_NONNULL = YES;
				CLANG_CXX_LANGUAGE_STANDARD = "gnu++0x";
				CLANG_CXX_LIBRARY = "libc++";
				CLANG_ENABLE_MODULES = YES;
				CLANG_ENABLE_OBJC_ARC = YES;
				CLANG_WARN_BOOL_CONVERSION = YES;
				CLANG_WARN_CONSTANT_CONVERSION = YES;
				CLANG_WARN_DIRECT_OBJC_ISA_USAGE = YES_ERROR;
				CLANG_WARN_DOCUMENTATION_COMMENTS = YES;
				CLANG_WARN_EMPTY_BODY = YES;
				CLANG_WARN_ENUM_CONVERSION = YES;
				CLANG_WARN_INFINITE_RECURSION = YES;
				CLANG_WARN_INT_CONVERSION = YES;
				CLANG_WARN_OBJC_ROOT_CLASS = YES_ERROR;
				CLANG_WARN_SUSPICIOUS_MOVE = YES;
				CLANG_WARN_UNREACHABLE_CODE = YES;
				CLANG_WARN__DUPLICATE_METHOD_MATCH = YES;
				CODE_SIGN_IDENTITY = "-";
				COPY_PHASE_STRIP = NO;
				DEBUG_INFORMATION_FORMAT = "dwarf-with-dsym";
				ENABLE_NS_ASSERTIONS = NO;
				ENABLE_STRICT_OBJC_MSGSEND = YES;
				GCC_C_LANGUAGE_STANDARD = gnu99;
				GCC_NO_COMMON_BLOCKS = YES;
				GCC_WARN_64_TO_32_BIT_CONVERSION = YES;
				GCC_WARN_ABOUT_RETURN_TYPE = YES_ERROR;
				GCC_WARN_UNDECLARED_SELECTOR = YES;
				GCC_WARN_UNINITIALIZED_AUTOS = YES_AGGRESSIVE;
				GCC_WARN_UNUSED_FUNCTION = YES;
				GCC_WARN_UNUSED_VARIABLE = YES;
				MACOSX_DEPLOYMENT_TARGET = 10.12;
				MTL_ENABLE_DEBUG_INFO = NO;
				SDKROOT = macosx;
			};
			name = Release;
		};
		7D0C47461E882D3F00307C49 /* Debug */ = {
			isa = XCBuildConfiguration;
			buildSettings = {
				DEVELOPMENT_TEAM = 6H2EW7JDA5;
				PRODUCT_NAME = "$(TARGET_NAME)";
			};
			name = Debug;
		};
		7D0C47471E882D3F00307C49 /* Release */ = {
			isa = XCBuildConfiguration;
			buildSettings = {
				DEVELOPMENT_TEAM = 6H2EW7JDA5;
				PRODUCT_NAME = "$(TARGET_NAME)";
			};
			name = Release;
		};
/* End XCBuildConfiguration section */

/* Begin XCConfigurationList section */
		7D0C47391E882D3F00307C49 /* Build configuration list for PBXProject "datastructure" */ = {
			isa = XCConfigurationList;
			buildConfigurations = (
				7D0C47431E882D3F00307C49 /* Debug */,
				7D0C47441E882D3F00307C49 /* Release */,
			);
			defaultConfigurationIsVisible = 0;
			defaultConfigurationName = Release;
		};
		7D0C47451E882D3F00307C49 /* Build configuration list for PBXNativeTarget "datastructure" */ = {
			isa = XCConfigurationList;
			buildConfigurations = (
				7D0C47461E882D3F00307C49 /* Debug */,
				7D0C47471E882D3F00307C49 /* Release */,
			);
			defaultConfigurationIsVisible = 0;
			defaultConfigurationName = Release;
		};
/* End XCConfigurationList section */
	};
	rootObject = 7D0C47361E882D3F00307C49 /* Project object */;
}
